// !$*UTF8*$!
{
	archiveVersion = 1;
	classes = {
	};
	objectVersion = 46;
	objects = {

/* Begin PBXBuildFile section */
		ACB72DC71B1F2BA6003B3BAB /* main.m in Sources */ = {isa = PBXBuildFile; fileRef = ACB72DC61B1F2BA6003B3BAB /* main.m */; };
		ACB72DCA1B1F2BA6003B3BAB /* AppDelegate.m in Sources */ = {isa = PBXBuildFile; fileRef = ACB72DC91B1F2BA6003B3BAB /* AppDelegate.m */; };
		ACB72DCD1B1F2BA6003B3BAB /* ViewController.m in Sources */ = {isa = PBXBuildFile; fileRef = ACB72DCC1B1F2BA6003B3BAB /* ViewController.m */; };
		ACB72DD01B1F2BA6003B3BAB /* Main.storyboard in Resources */ = {isa = PBXBuildFile; fileRef = ACB72DCE1B1F2BA6003B3BAB /* Main.storyboard */; };
		ACB72DD21B1F2BA6003B3BAB /* Images.xcassets in Resources */ = {isa = PBXBuildFile; fileRef = ACB72DD11B1F2BA6003B3BAB /* Images.xcassets */; };
		ACB72DD51B1F2BA6003B3BAB /* LaunchScreen.xib in Resources */ = {isa = PBXBuildFile; fileRef = ACB72DD31B1F2BA6003B3BAB /* LaunchScreen.xib */; };
		ACB72DE11B1F2BA6003B3BAB /* PullToRefreshTests.m in Sources */ = {isa = PBXBuildFile; fileRef = ACB72DE01B1F2BA6003B3BAB /* PullToRefreshTests.m */; };
/* End PBXBuildFile section */

/* Begin PBXContainerItemProxy section */
		ACB72DDB1B1F2BA6003B3BAB /* PBXContainerItemProxy */ = {
			isa = PBXContainerItemProxy;
			containerPortal = ACB72DB91B1F2BA6003B3BAB /* Project object */;
			proxyType = 1;
			remoteGlobalIDString = ACB72DC01B1F2BA6003B3BAB;
			remoteInfo = PullToRefresh;
		};
/* End PBXContainerItemProxy section */

/* Begin PBXFileReference section */
		ACB72DC11B1F2BA6003B3BAB /* PullToRefresh.app */ = {isa = PBXFileReference; explicitFileType = wrapper.application; includeInIndex = 0; path = PullToRefresh.app; sourceTree = BUILT_PRODUCTS_DIR; };
		ACB72DC51B1F2BA6003B3BAB /* Info.plist */ = {isa = PBXFileReference; lastKnownFileType = text.plist.xml; path = Info.plist; sourceTree = "<group>"; };
		ACB72DC61B1F2BA6003B3BAB /* main.m */ = {isa = PBXFileReference; lastKnownFileType = sourcecode.c.objc; path = main.m; sourceTree = "<group>"; };
		ACB72DC81B1F2BA6003B3BAB /* AppDelegate.h */ = {isa = PBXFileReference; lastKnownFileType = sourcecode.c.h; path = AppDelegate.h; sourceTree = "<group>"; };
		ACB72DC91B1F2BA6003B3BAB /* AppDelegate.m */ = {isa = PBXFileReference; lastKnownFileType = sourcecode.c.objc; path = AppDelegate.m; sourceTree = "<group>"; };
		ACB72DCB1B1F2BA6003B3BAB /* ViewController.h */ = {isa = PBXFileReference; lastKnownFileType = sourcecode.c.h; path = ViewController.h; sourceTree = "<group>"; };
		ACB72DCC1B1F2BA6003B3BAB /* ViewController.m */ = {isa = PBXFileReference; lastKnownFileType = sourcecode.c.objc; path = ViewController.m; sourceTree = "<group>"; };
		ACB72DCF1B1F2BA6003B3BAB /* Base */ = {isa = PBXFileReference; lastKnownFileType = file.storyboard; name = Base; path = Base.lproj/Main.storyboard; sourceTree = "<group>"; };
		ACB72DD11B1F2BA6003B3BAB /* Images.xcassets */ = {isa = PBXFileReference; lastKnownFileType = folder.assetcatalog; path = Images.xcassets; sourceTree = "<group>"; };
		ACB72DD41B1F2BA6003B3BAB /* Base */ = {isa = PBXFileReference; lastKnownFileType = file.xib; name = Base; path = Base.lproj/LaunchScreen.xib; sourceTree = "<group>"; };
		ACB72DDA1B1F2BA6003B3BAB /* PullToRefreshTests.xctest */ = {isa = PBXFileReference; explicitFileType = wrapper.cfbundle; includeInIndex = 0; path = PullToRefreshTests.xctest; sourceTree = BUILT_PRODUCTS_DIR; };
		ACB72DDF1B1F2BA6003B3BAB /* Info.plist */ = {isa = PBXFileReference; lastKnownFileType = text.plist.xml; path = Info.plist; sourceTree = "<group>"; };
		ACB72DE01B1F2BA6003B3BAB /* PullToRefreshTests.m */ = {isa = PBXFileReference; lastKnownFileType = sourcecode.c.objc; path = PullToRefreshTests.m; sourceTree = "<group>"; };
/* End PBXFileReference section */

/* Begin PBXFrameworksBuildPhase section */
		ACB72DBE1B1F2BA6003B3BAB /* Frameworks */ = {
			isa = PBXFrameworksBuildPhase;
			buildActionMask = 2147483647;
			files = (
			);
			runOnlyForDeploymentPostprocessing = 0;
		};
		ACB72DD71B1F2BA6003B3BAB /* Frameworks */ = {
			isa = PBXFrameworksBuildPhase;
			buildActionMask = 2147483647;
			files = (
			);
			runOnlyForDeploymentPostprocessing = 0;
		};
/* End PBXFrameworksBuildPhase section */

/* Begin PBXGroup section */
		ACB72DB81B1F2BA6003B3BAB = {
			isa = PBXGroup;
			children = (
				ACB72DC31B1F2BA6003B3BAB /* PullToRefresh */,
				ACB72DDD1B1F2BA6003B3BAB /* PullToRefreshTests */,
				ACB72DC21B1F2BA6003B3BAB /* Products */,
			);
			sourceTree = "<group>";
		};
		ACB72DC21B1F2BA6003B3BAB /* Products */ = {
			isa = PBXGroup;
			children = (
				ACB72DC11B1F2BA6003B3BAB /* PullToRefresh.app */,
				ACB72DDA1B1F2BA6003B3BAB /* PullToRefreshTests.xctest */,
			);
			name = Products;
			sourceTree = "<group>";
		};
		ACB72DC31B1F2BA6003B3BAB /* PullToRefresh */ = {
			isa = PBXGroup;
			children = (
				ACB72DC81B1F2BA6003B3BAB /* AppDelegate.h */,
				ACB72DC91B1F2BA6003B3BAB /* AppDelegate.m */,
				ACB72DCB1B1F2BA6003B3BAB /* ViewController.h */,
				ACB72DCC1B1F2BA6003B3BAB /* ViewController.m */,
				ACB72DCE1B1F2BA6003B3BAB /* Main.storyboard */,
				ACB72DD11B1F2BA6003B3BAB /* Images.xcassets */,
				ACB72DD31B1F2BA6003B3BAB /* LaunchScreen.xib */,
				ACB72DC41B1F2BA6003B3BAB /* Supporting Files */,
			);
			path = PullToRefresh;
			sourceTree = "<group>";
		};
		ACB72DC41B1F2BA6003B3BAB /* Supporting Files */ = {
			isa = PBXGroup;
			children = (
				ACB72DC51B1F2BA6003B3BAB /* Info.plist */,
				ACB72DC61B1F2BA6003B3BAB /* main.m */,
			);
			name = "Supporting Files";
			sourceTree = "<group>";
		};
		ACB72DDD1B1F2BA6003B3BAB /* PullToRefreshTests */ = {
			isa = PBXGroup;
			children = (
				ACB72DE01B1F2BA6003B3BAB /* PullToRefreshTests.m */,
				ACB72DDE1B1F2BA6003B3BAB /* Supporting Files */,
			);
			path = PullToRefreshTests;
			sourceTree = "<group>";
		};
		ACB72DDE1B1F2BA6003B3BAB /* Supporting Files */ = {
			isa = PBXGroup;
			children = (
				ACB72DDF1B1F2BA6003B3BAB /* Info.plist */,
			);
			name = "Supporting Files";
			sourceTree = "<group>";
		};
/* End PBXGroup section */

/* Begin PBXNativeTarget section */
		ACB72DC01B1F2BA6003B3BAB /* PullToRefresh */ = {
			isa = PBXNativeTarget;
			buildConfigurationList = ACB72DE41B1F2BA6003B3BAB /* Build configuration list for PBXNativeTarget "PullToRefresh" */;
			buildPhases = (
				ACB72DBD1B1F2BA6003B3BAB /* Sources */,
				ACB72DBE1B1F2BA6003B3BAB /* Frameworks */,
				ACB72DBF1B1F2BA6003B3BAB /* Resources */,
			);
			buildRules = (
			);
			dependencies = (
			);
			name = PullToRefresh;
			productName = PullToRefresh;
			productReference = ACB72DC11B1F2BA6003B3BAB /* PullToRefresh.app */;
			productType = "com.apple.product-type.application";
		};
		ACB72DD91B1F2BA6003B3BAB /* PullToRefreshTests */ = {
			isa = PBXNativeTarget;
			buildConfigurationList = ACB72DE71B1F2BA6003B3BAB /* Build configuration list for PBXNativeTarget "PullToRefreshTests" */;
			buildPhases = (
				ACB72DD61B1F2BA6003B3BAB /* Sources */,
				ACB72DD71B1F2BA6003B3BAB /* Frameworks */,
				ACB72DD81B1F2BA6003B3BAB /* Resources */,
			);
			buildRules = (
			);
			dependencies = (
				ACB72DDC1B1F2BA6003B3BAB /* PBXTargetDependency */,
			);
			name = PullToRefreshTests;
			productName = PullToRefreshTests;
			productReference = ACB72DDA1B1F2BA6003B3BAB /* PullToRefreshTests.xctest */;
			productType = "com.apple.product-type.bundle.unit-test";
		};
/* End PBXNativeTarget section */

/* Begin PBXProject section */
		ACB72DB91B1F2BA6003B3BAB /* Project object */ = {
			isa = PBXProject;
			attributes = {
				LastUpgradeCheck = 0630;
				ORGANIZATIONNAME = "Vinay Jain";
				TargetAttributes = {
					ACB72DC01B1F2BA6003B3BAB = {
						CreatedOnToolsVersion = 6.3;
					};
					ACB72DD91B1F2BA6003B3BAB = {
						CreatedOnToolsVersion = 6.3;
						TestTargetID = ACB72DC01B1F2BA6003B3BAB;
					};
				};
			};
			buildConfigurationList = ACB72DBC1B1F2BA6003B3BAB /* Build configuration list for PBXProject "PullToRefresh" */;
			compatibilityVersion = "Xcode 3.2";
			developmentRegion = English;
			hasScannedForEncodings = 0;
			knownRegions = (
				en,
				Base,
			);
			mainGroup = ACB72DB81B1F2BA6003B3BAB;
			productRefGroup = ACB72DC21B1F2BA6003B3BAB /* Products */;
			projectDirPath = "";
			projectRoot = "";
			targets = (
				ACB72DC01B1F2BA6003B3BAB /* PullToRefresh */,
				ACB72DD91B1F2BA6003B3BAB /* PullToRefreshTests */,
			);
		};
/* End PBXProject section */

/* Begin PBXResourcesBuildPhase section */
		ACB72DBF1B1F2BA6003B3BAB /* Resources */ = {
			isa = PBXResourcesBuildPhase;
			buildActionMask = 2147483647;
			files = (
				ACB72DD01B1F2BA6003B3BAB /* Main.storyboard in Resources */,
				ACB72DD51B1F2BA6003B3BAB /* LaunchScreen.xib in Resources */,
				ACB72DD21B1F2BA6003B3BAB /* Images.xcassets in Resources */,
			);
			runOnlyForDeploymentPostprocessing = 0;
		};
		ACB72DD81B1F2BA6003B3BAB /* Resources */ = {
			isa = PBXResourcesBuildPhase;
			buildActionMask = 2147483647;
			files = (
			);
			runOnlyForDeploymentPostprocessing = 0;
		};
/* End PBXResourcesBuildPhase section */

/* Begin PBXSourcesBuildPhase section */
		ACB72DBD1B1F2BA6003B3BAB /* Sources */ = {
			isa = PBXSourcesBuildPhase;
			buildActionMask = 2147483647;
			files = (
				ACB72DCD1B1F2BA6003B3BAB /* ViewController.m in Sources */,
				ACB72DCA1B1F2BA6003B3BAB /* AppDelegate.m in Sources */,
				ACB72DC71B1F2BA6003B3BAB /* main.m in Sources */,
			);
			runOnlyForDeploymentPostprocessing = 0;
		};
		ACB72DD61B1F2BA6003B3BAB /* Sources */ = {
			isa = PBXSourcesBuildPhase;
			buildActionMask = 2147483647;
			files = (
				ACB72DE11B1F2BA6003B3BAB /* PullToRefreshTests.m in Sources */,
			);
			runOnlyForDeploymentPostprocessing = 0;
		};
/* End PBXSourcesBuildPhase section */

/* Begin PBXTargetDependency section */
		ACB72DDC1B1F2BA6003B3BAB /* PBXTargetDependency */ = {
			isa = PBXTargetDependency;
			target = ACB72DC01B1F2BA6003B3BAB /* PullToRefresh */;
			targetProxy = ACB72DDB1B1F2BA6003B3BAB /* PBXContainerItemProxy */;
		};
/* End PBXTargetDependency section */

/* Begin PBXVariantGroup section */
		ACB72DCE1B1F2BA6003B3BAB /* Main.storyboard */ = {
			isa = PBXVariantGroup;
			children = (
				ACB72DCF1B1F2BA6003B3BAB /* Base */,
			);
			name = Main.storyboard;
			sourceTree = "<group>";
		};
		ACB72DD31B1F2BA6003B3BAB /* LaunchScreen.xib */ = {
			isa = PBXVariantGroup;
			children = (
				ACB72DD41B1F2BA6003B3BAB /* Base */,
			);
			name = LaunchScreen.xib;
			sourceTree = "<group>";
		};
/* End PBXVariantGroup section */

/* Begin XCBuildConfiguration section */
		ACB72DE21B1F2BA6003B3BAB /* Debug */ = {
			isa = XCBuildConfiguration;
			buildSettings = {
				ALWAYS_SEARCH_USER_PATHS = NO;
				CLANG_CXX_LANGUAGE_STANDARD = "gnu++0x";
				CLANG_CXX_LIBRARY = "libc++";
				CLANG_ENABLE_MODULES = YES;
				CLANG_ENABLE_OBJC_ARC = YES;
				CLANG_WARN_BOOL_CONVERSION = YES;
				CLANG_WARN_CONSTANT_CONVERSION = YES;
				CLANG_WARN_DIRECT_OBJC_ISA_USAGE = YES_ERROR;
				CLANG_WARN_EMPTY_BODY = YES;
				CLANG_WARN_ENUM_CONVERSION = YES;
				CLANG_WARN_INT_CONVERSION = YES;
				CLANG_WARN_OBJC_ROOT_CLASS = YES_ERROR;
				CLANG_WARN_UNREACHABLE_CODE = YES;
				CLANG_WARN__DUPLICATE_METHOD_MATCH = YES;
				"CODE_SIGN_IDENTITY[sdk=iphoneos*]" = "iPhone Developer";
				COPY_PHASE_STRIP = NO;
				DEBUG_INFORMATION_FORMAT = "dwarf-with-dsym";
				ENABLE_STRICT_OBJC_MSGSEND = YES;
				GCC_C_LANGUAGE_STANDARD = gnu99;
				GCC_DYNAMIC_NO_PIC = NO;
				GCC_NO_COMMON_BLOCKS = YES;
				GCC_OPTIMIZATION_LEVEL = 0;
				GCC_PREPROCESSOR_DEFINITIONS = (
					"DEBUG=1",
					"$(inherited)",
				);
				GCC_SYMBOLS_PRIVATE_EXTERN = NO;
				GCC_WARN_64_TO_32_BIT_CONVERSION = YES;
				GCC_WARN_ABOUT_RETURN_TYPE = YES_ERROR;
				GCC_WARN_UNDECLARED_SELECTOR = YES;
				GCC_WARN_UNINITIALIZED_AUTOS = YES_AGGRESSIVE;
				GCC_WARN_UNUSED_FUNCTION = YES;
				GCC_WARN_UNUSED_VARIABLE = YES;
				IPHONEOS_DEPLOYMENT_TARGET = 8.3;
				MTL_ENABLE_DEBUG_INFO = YES;
				ONLY_ACTIVE_ARCH = YES;
				SDKROOT = iphoneos;
			};
			name = Debug;
		};
		ACB72DE31B1F2BA6003B3BAB /* Release */ = {
			isa = XCBuildConfiguration;
			buildSettings = {
				ALWAYS_SEARCH_USER_PATHS = NO;
				CLANG_CXX_LANGUAGE_STANDARD = "gnu++0x";
				CLANG_CXX_LIBRARY = "libc++";
				CLANG_ENABLE_MODULES = YES;
				CLANG_ENABLE_OBJC_ARC = YES;
				CLANG_WARN_BOOL_CONVERSION = YES;
				CLANG_WARN_CONSTANT_CONVERSION = YES;
				CLANG_WARN_DIRECT_OBJC_ISA_USAGE = YES_ERROR;
				CLANG_WARN_EMPTY_BODY = YES;
				CLANG_WARN_ENUM_CONVERSION = YES;
				CLANG_WARN_INT_CONVERSION = YES;
				CLANG_WARN_OBJC_ROOT_CLASS = YES_ERROR;
				CLANG_WARN_UNREACHABLE_CODE = YES;
				CLANG_WARN__DUPLICATE_METHOD_MATCH = YES;
				"CODE_SIGN_IDENTITY[sdk=iphoneos*]" = "iPhone Developer";
				COPY_PHASE_STRIP = NO;
				DEBUG_INFORMATION_FORMAT = "dwarf-with-dsym";
				ENABLE_NS_ASSERTIONS = NO;
				ENABLE_STRICT_OBJC_MSGSEND = YES;
				GCC_C_LANGUAGE_STANDARD = gnu99;
				GCC_NO_COMMON_BLOCKS = YES;
				GCC_WARN_64_TO_32_BIT_CONVERSION = YES;
				GCC_WARN_ABOUT_RETURN_TYPE = YES_ERROR;
				GCC_WARN_UNDECLARED_SELECTOR = YES;
				GCC_WARN_UNINITIALIZED_AUTOS = YES_AGGRESSIVE;
				GCC_WARN_UNUSED_FUNCTION = YES;
				GCC_WARN_UNUSED_VARIABLE = YES;
				IPHONEOS_DEPLOYMENT_TARGET = 8.3;
				MTL_ENABLE_DEBUG_INFO = NO;
				SDKROOT = iphoneos;
				VALIDATE_PRODUCT = YES;
			};
			name = Release;
		};
		ACB72DE51B1F2BA6003B3BAB /* Debug */ = {
			isa = XCBuildConfiguration;
			buildSettings = {
				ASSETCATALOG_COMPILER_APPICON_NAME = AppIcon;
				INFOPLIST_FILE = PullToRefresh/Info.plist;
				LD_RUNPATH_SEARCH_PATHS = "$(inherited) @executable_path/Frameworks";
				PRODUCT_NAME = "$(TARGET_NAME)";
			};
			name = Debug;
		};
		ACB72DE61B1F2BA6003B3BAB /* Release */ = {
			isa = XCBuildConfiguration;
			buildSettings = {
				ASSETCATALOG_COMPILER_APPICON_NAME = AppIcon;
				INFOPLIST_FILE = PullToRefresh/Info.plist;
				LD_RUNPATH_SEARCH_PATHS = "$(inherited) @executable_path/Frameworks";
				PRODUCT_NAME = "$(TARGET_NAME)";
			};
			name = Release;
		};
		ACB72DE81B1F2BA6003B3BAB /* Debug */ = {
			isa = XCBuildConfiguration;
			buildSettings = {
				BUNDLE_LOADER = "$(TEST_HOST)";
				FRAMEWORK_SEARCH_PATHS = (
					"$(SDKROOT)/Developer/Library/Frameworks",
					"$(inherited)",
				);
				GCC_PREPROCESSOR_DEFINITIONS = (
					"DEBUG=1",
					"$(inherited)",
				);
				INFOPLIST_FILE = PullToRefreshTests/Info.plist;
				LD_RUNPATH_SEARCH_PATHS = "$(inherited) @executable_path/Frameworks @loader_path/Frameworks";
				PRODUCT_NAME = "$(TARGET_NAME)";
				TEST_HOST = "$(BUILT_PRODUCTS_DIR)/PullToRefresh.app/PullToRefresh";
			};
			name = Debug;
		};
		ACB72DE91B1F2BA6003B3BAB /* Release */ = {
			isa = XCBuildConfiguration;
			buildSettings = {
				BUNDLE_LOADER = "$(TEST_HOST)";
				FRAMEWORK_SEARCH_PATHS = (
					"$(SDKROOT)/Developer/Library/Frameworks",
					"$(inherited)",
				);
				INFOPLIST_FILE = PullToRefreshTests/Info.plist;
				LD_RUNPATH_SEARCH_PATHS = "$(inherited) @executable_path/Frameworks @loader_path/Frameworks";
				PRODUCT_NAME = "$(TARGET_NAME)";
				TEST_HOST = "$(BUILT_PRODUCTS_DIR)/PullToRefresh.app/PullToRefresh";
			};
			name = Release;
		};
/* End XCBuildConfiguration section */

/* Begin XCConfigurationList section */
		ACB72DBC1B1F2BA6003B3BAB /* Build configuration list for PBXProject "PullToRefresh" */ = {
			isa = XCConfigurationList;
			buildConfigurations = (
				ACB72DE21B1F2BA6003B3BAB /* Debug */,
				ACB72DE31B1F2BA6003B3BAB /* Release */,
			);
			defaultConfigurationIsVisible = 0;
			defaultConfigurationName = Release;
		};
		ACB72DE41B1F2BA6003B3BAB /* Build configuration list for PBXNativeTarget "PullToRefresh" */ = {
			isa = XCConfigurationList;
			buildConfigurations = (
				ACB72DE51B1F2BA6003B3BAB /* Debug */,
				ACB72DE61B1F2BA6003B3BAB /* Release */,
			);
			defaultConfigurationIsVisible = 0;
		};
		ACB72DE71B1F2BA6003B3BAB /* Build configuration list for PBXNativeTarget "PullToRefreshTests" */ = {
			isa = XCConfigurationList;
			buildConfigurations = (
				ACB72DE81B1F2BA6003B3BAB /* Debug */,
				ACB72DE91B1F2BA6003B3BAB /* Release */,
			);
			defaultConfigurationIsVisible = 0;
		};
/* End XCConfigurationList section */
	};
	rootObject = ACB72DB91B1F2BA6003B3BAB /* Project object */;
}
