// !$*UTF8*$!
{
	archiveVersion = 1;
	classes = {
	};
	objectVersion = 46;
	objects = {

/* Begin PBXBuildFile section */
		018065AB1A26545100D78FE6 /* main.m in Sources */ = {isa = PBXBuildFile; fileRef = 018065AA1A26545100D78FE6 /* main.m */; };
		018065AE1A26545100D78FE6 /* AppDelegate.m in Sources */ = {isa = PBXBuildFile; fileRef = 018065AD1A26545100D78FE6 /* AppDelegate.m */; };
		018065B61A26545100D78FE6 /* Images.xcassets in Resources */ = {isa = PBXBuildFile; fileRef = 018065B51A26545100D78FE6 /* Images.xcassets */; };
		018065C51A26545100D78FE6 /* Concentric_CirclesTests.m in Sources */ = {isa = PBXBuildFile; fileRef = 018065C41A26545100D78FE6 /* Concentric_CirclesTests.m */; };
		018065CF1A2654A200D78FE6 /* Default-568h@2x.png in Resources */ = {isa = PBXBuildFile; fileRef = 018065CE1A2654A200D78FE6 /* Default-568h@2x.png */; };
		018065D71A2656B800D78FE6 /* HypnosisView.m in Sources */ = {isa = PBXBuildFile; fileRef = 018065D61A2656B800D78FE6 /* HypnosisView.m */; };
		018065DA1A2672D900D78FE6 /* logo.png in Resources */ = {isa = PBXBuildFile; fileRef = 018065D91A2672D900D78FE6 /* logo.png */; };
/* End PBXBuildFile section */

/* Begin PBXContainerItemProxy section */
		018065BF1A26545100D78FE6 /* PBXContainerItemProxy */ = {
			isa = PBXContainerItemProxy;
			containerPortal = 0180659D1A26545100D78FE6 /* Project object */;
			proxyType = 1;
			remoteGlobalIDString = 018065A41A26545100D78FE6;
			remoteInfo = "Concentric Circles";
		};
/* End PBXContainerItemProxy section */

/* Begin PBXFileReference section */
		018065A51A26545100D78FE6 /* Concentric Circles.app */ = {isa = PBXFileReference; explicitFileType = wrapper.application; includeInIndex = 0; path = "Concentric Circles.app"; sourceTree = BUILT_PRODUCTS_DIR; };
		018065A91A26545100D78FE6 /* Info.plist */ = {isa = PBXFileReference; lastKnownFileType = text.plist.xml; path = Info.plist; sourceTree = "<group>"; };
		018065AA1A26545100D78FE6 /* main.m */ = {isa = PBXFileReference; lastKnownFileType = sourcecode.c.objc; path = main.m; sourceTree = "<group>"; };
		018065AC1A26545100D78FE6 /* AppDelegate.h */ = {isa = PBXFileReference; lastKnownFileType = sourcecode.c.h; path = AppDelegate.h; sourceTree = "<group>"; };
		018065AD1A26545100D78FE6 /* AppDelegate.m */ = {isa = PBXFileReference; lastKnownFileType = sourcecode.c.objc; path = AppDelegate.m; sourceTree = "<group>"; };
		018065B51A26545100D78FE6 /* Images.xcassets */ = {isa = PBXFileReference; lastKnownFileType = folder.assetcatalog; path = Images.xcassets; sourceTree = "<group>"; };
		018065BE1A26545100D78FE6 /* Concentric CirclesTests.xctest */ = {isa = PBXFileReference; explicitFileType = wrapper.cfbundle; includeInIndex = 0; path = "Concentric CirclesTests.xctest"; sourceTree = BUILT_PRODUCTS_DIR; };
		018065C31A26545100D78FE6 /* Info.plist */ = {isa = PBXFileReference; lastKnownFileType = text.plist.xml; path = Info.plist; sourceTree = "<group>"; };
		018065C41A26545100D78FE6 /* Concentric_CirclesTests.m */ = {isa = PBXFileReference; lastKnownFileType = sourcecode.c.objc; path = Concentric_CirclesTests.m; sourceTree = "<group>"; };
		018065CE1A2654A200D78FE6 /* Default-568h@2x.png */ = {isa = PBXFileReference; lastKnownFileType = image.png; path = "Default-568h@2x.png"; sourceTree = "<group>"; };
		018065D51A2656B800D78FE6 /* HypnosisView.h */ = {isa = PBXFileReference; fileEncoding = 4; lastKnownFileType = sourcecode.c.h; path = HypnosisView.h; sourceTree = "<group>"; };
		018065D61A2656B800D78FE6 /* HypnosisView.m */ = {isa = PBXFileReference; fileEncoding = 4; lastKnownFileType = sourcecode.c.objc; path = HypnosisView.m; sourceTree = "<group>"; };
		018065D91A2672D900D78FE6 /* logo.png */ = {isa = PBXFileReference; lastKnownFileType = image.png; path = logo.png; sourceTree = "<group>"; };
/* End PBXFileReference section */

/* Begin PBXFrameworksBuildPhase section */
		018065A21A26545100D78FE6 /* Frameworks */ = {
			isa = PBXFrameworksBuildPhase;
			buildActionMask = 2147483647;
			files = (
			);
			runOnlyForDeploymentPostprocessing = 0;
		};
		018065BB1A26545100D78FE6 /* Frameworks */ = {
			isa = PBXFrameworksBuildPhase;
			buildActionMask = 2147483647;
			files = (
			);
			runOnlyForDeploymentPostprocessing = 0;
		};
/* End PBXFrameworksBuildPhase section */

/* Begin PBXGroup section */
		0180659C1A26545100D78FE6 = {
			isa = PBXGroup;
			children = (
				018065CE1A2654A200D78FE6 /* Default-568h@2x.png */,
				018065A71A26545100D78FE6 /* Concentric Circles */,
				018065C11A26545100D78FE6 /* Concentric CirclesTests */,
				018065A61A26545100D78FE6 /* Products */,
			);
			sourceTree = "<group>";
		};
		018065A61A26545100D78FE6 /* Products */ = {
			isa = PBXGroup;
			children = (
				018065A51A26545100D78FE6 /* Concentric Circles.app */,
				018065BE1A26545100D78FE6 /* Concentric CirclesTests.xctest */,
			);
			name = Products;
			sourceTree = "<group>";
		};
		018065A71A26545100D78FE6 /* Concentric Circles */ = {
			isa = PBXGroup;
			children = (
				018065D81A2672D900D78FE6 /* Images */,
				018065D41A26569A00D78FE6 /* Classes */,
				018065AC1A26545100D78FE6 /* AppDelegate.h */,
				018065AD1A26545100D78FE6 /* AppDelegate.m */,
				018065B51A26545100D78FE6 /* Images.xcassets */,
				018065A81A26545100D78FE6 /* Supporting Files */,
			);
			path = "Concentric Circles";
			sourceTree = "<group>";
		};
		018065A81A26545100D78FE6 /* Supporting Files */ = {
			isa = PBXGroup;
			children = (
				018065A91A26545100D78FE6 /* Info.plist */,
				018065AA1A26545100D78FE6 /* main.m */,
			);
			name = "Supporting Files";
			sourceTree = "<group>";
		};
		018065C11A26545100D78FE6 /* Concentric CirclesTests */ = {
			isa = PBXGroup;
			children = (
				018065C41A26545100D78FE6 /* Concentric_CirclesTests.m */,
				018065C21A26545100D78FE6 /* Supporting Files */,
			);
			path = "Concentric CirclesTests";
			sourceTree = "<group>";
		};
		018065C21A26545100D78FE6 /* Supporting Files */ = {
			isa = PBXGroup;
			children = (
				018065C31A26545100D78FE6 /* Info.plist */,
			);
			name = "Supporting Files";
			sourceTree = "<group>";
		};
		018065D41A26569A00D78FE6 /* Classes */ = {
			isa = PBXGroup;
			children = (
				018065D51A2656B800D78FE6 /* HypnosisView.h */,
				018065D61A2656B800D78FE6 /* HypnosisView.m */,
			);
			path = Classes;
			sourceTree = "<group>";
		};
		018065D81A2672D900D78FE6 /* Images */ = {
			isa = PBXGroup;
			children = (
				018065D91A2672D900D78FE6 /* logo.png */,
			);
			path = Images;
			sourceTree = "<group>";
		};
/* End PBXGroup section */

/* Begin PBXNativeTarget section */
		018065A41A26545100D78FE6 /* Concentric Circles */ = {
			isa = PBXNativeTarget;
			buildConfigurationList = 018065C81A26545100D78FE6 /* Build configuration list for PBXNativeTarget "Concentric Circles" */;
			buildPhases = (
				018065A11A26545100D78FE6 /* Sources */,
				018065A21A26545100D78FE6 /* Frameworks */,
				018065A31A26545100D78FE6 /* Resources */,
			);
			buildRules = (
			);
			dependencies = (
			);
			name = "Concentric Circles";
			productName = "Concentric Circles";
			productReference = 018065A51A26545100D78FE6 /* Concentric Circles.app */;
			productType = "com.apple.product-type.application";
		};
		018065BD1A26545100D78FE6 /* Concentric CirclesTests */ = {
			isa = PBXNativeTarget;
			buildConfigurationList = 018065CB1A26545100D78FE6 /* Build configuration list for PBXNativeTarget "Concentric CirclesTests" */;
			buildPhases = (
				018065BA1A26545100D78FE6 /* Sources */,
				018065BB1A26545100D78FE6 /* Frameworks */,
				018065BC1A26545100D78FE6 /* Resources */,
			);
			buildRules = (
			);
			dependencies = (
				018065C01A26545100D78FE6 /* PBXTargetDependency */,
			);
			name = "Concentric CirclesTests";
			productName = "Concentric CirclesTests";
			productReference = 018065BE1A26545100D78FE6 /* Concentric CirclesTests.xctest */;
			productType = "com.apple.product-type.bundle.unit-test";
		};
/* End PBXNativeTarget section */

/* Begin PBXProject section */
		0180659D1A26545100D78FE6 /* Project object */ = {
			isa = PBXProject;
			attributes = {
				LastUpgradeCheck = 0610;
				ORGANIZATIONNAME = "Vinay Jain";
				TargetAttributes = {
					018065A41A26545100D78FE6 = {
						CreatedOnToolsVersion = 6.1;
					};
					018065BD1A26545100D78FE6 = {
						CreatedOnToolsVersion = 6.1;
						TestTargetID = 018065A41A26545100D78FE6;
					};
				};
			};
			buildConfigurationList = 018065A01A26545100D78FE6 /* Build configuration list for PBXProject "Concentric Circles" */;
			compatibilityVersion = "Xcode 3.2";
			developmentRegion = English;
			hasScannedForEncodings = 0;
			knownRegions = (
				en,
				Base,
			);
			mainGroup = 0180659C1A26545100D78FE6;
			productRefGroup = 018065A61A26545100D78FE6 /* Products */;
			projectDirPath = "";
			projectRoot = "";
			targets = (
				018065A41A26545100D78FE6 /* Concentric Circles */,
				018065BD1A26545100D78FE6 /* Concentric CirclesTests */,
			);
		};
/* End PBXProject section */

/* Begin PBXResourcesBuildPhase section */
		018065A31A26545100D78FE6 /* Resources */ = {
			isa = PBXResourcesBuildPhase;
			buildActionMask = 2147483647;
			files = (
				018065B61A26545100D78FE6 /* Images.xcassets in Resources */,
				018065CF1A2654A200D78FE6 /* Default-568h@2x.png in Resources */,
				018065DA1A2672D900D78FE6 /* logo.png in Resources */,
			);
			runOnlyForDeploymentPostprocessing = 0;
		};
		018065BC1A26545100D78FE6 /* Resources */ = {
			isa = PBXResourcesBuildPhase;
			buildActionMask = 2147483647;
			files = (
			);
			runOnlyForDeploymentPostprocessing = 0;
		};
/* End PBXResourcesBuildPhase section */

/* Begin PBXSourcesBuildPhase section */
		018065A11A26545100D78FE6 /* Sources */ = {
			isa = PBXSourcesBuildPhase;
			buildActionMask = 2147483647;
			files = (
				018065AE1A26545100D78FE6 /* AppDelegate.m in Sources */,
				018065AB1A26545100D78FE6 /* main.m in Sources */,
				018065D71A2656B800D78FE6 /* HypnosisView.m in Sources */,
			);
			runOnlyForDeploymentPostprocessing = 0;
		};
		018065BA1A26545100D78FE6 /* Sources */ = {
			isa = PBXSourcesBuildPhase;
			buildActionMask = 2147483647;
			files = (
				018065C51A26545100D78FE6 /* Concentric_CirclesTests.m in Sources */,
			);
			runOnlyForDeploymentPostprocessing = 0;
		};
/* End PBXSourcesBuildPhase section */

/* Begin PBXTargetDependency section */
		018065C01A26545100D78FE6 /* PBXTargetDependency */ = {
			isa = PBXTargetDependency;
			target = 018065A41A26545100D78FE6 /* Concentric Circles */;
			targetProxy = 018065BF1A26545100D78FE6 /* PBXContainerItemProxy */;
		};
/* End PBXTargetDependency section */

/* Begin XCBuildConfiguration section */
		018065C61A26545100D78FE6 /* Debug */ = {
			isa = XCBuildConfiguration;
			buildSettings = {
				ALWAYS_SEARCH_USER_PATHS = NO;
				CLANG_CXX_LANGUAGE_STANDARD = "gnu++0x";
				CLANG_CXX_LIBRARY = "libc++";
				CLANG_ENABLE_MODULES = YES;
				CLANG_ENABLE_OBJC_ARC = YES;
				CLANG_WARN_BOOL_CONVERSION = YES;
				CLANG_WARN_CONSTANT_CONVERSION = YES;
				CLANG_WARN_DIRECT_OBJC_ISA_USAGE = YES_ERROR;
				CLANG_WARN_EMPTY_BODY = YES;
				CLANG_WARN_ENUM_CONVERSION = YES;
				CLANG_WARN_INT_CONVERSION = YES;
				CLANG_WARN_OBJC_ROOT_CLASS = YES_ERROR;
				CLANG_WARN_UNREACHABLE_CODE = YES;
				CLANG_WARN__DUPLICATE_METHOD_MATCH = YES;
				"CODE_SIGN_IDENTITY[sdk=iphoneos*]" = "iPhone Developer";
				COPY_PHASE_STRIP = NO;
				ENABLE_STRICT_OBJC_MSGSEND = YES;
				GCC_C_LANGUAGE_STANDARD = gnu99;
				GCC_DYNAMIC_NO_PIC = NO;
				GCC_OPTIMIZATION_LEVEL = 0;
				GCC_PREPROCESSOR_DEFINITIONS = (
					"DEBUG=1",
					"$(inherited)",
				);
				GCC_SYMBOLS_PRIVATE_EXTERN = NO;
				GCC_WARN_64_TO_32_BIT_CONVERSION = YES;
				GCC_WARN_ABOUT_RETURN_TYPE = YES_ERROR;
				GCC_WARN_UNDECLARED_SELECTOR = YES;
				GCC_WARN_UNINITIALIZED_AUTOS = YES_AGGRESSIVE;
				GCC_WARN_UNUSED_FUNCTION = YES;
				GCC_WARN_UNUSED_VARIABLE = YES;
				IPHONEOS_DEPLOYMENT_TARGET = 8.1;
				MTL_ENABLE_DEBUG_INFO = YES;
				ONLY_ACTIVE_ARCH = YES;
				SDKROOT = iphoneos;
			};
			name = Debug;
		};
		018065C71A26545100D78FE6 /* Release */ = {
			isa = XCBuildConfiguration;
			buildSettings = {
				ALWAYS_SEARCH_USER_PATHS = NO;
				CLANG_CXX_LANGUAGE_STANDARD = "gnu++0x";
				CLANG_CXX_LIBRARY = "libc++";
				CLANG_ENABLE_MODULES = YES;
				CLANG_ENABLE_OBJC_ARC = YES;
				CLANG_WARN_BOOL_CONVERSION = YES;
				CLANG_WARN_CONSTANT_CONVERSION = YES;
				CLANG_WARN_DIRECT_OBJC_ISA_USAGE = YES_ERROR;
				CLANG_WARN_EMPTY_BODY = YES;
				CLANG_WARN_ENUM_CONVERSION = YES;
				CLANG_WARN_INT_CONVERSION = YES;
				CLANG_WARN_OBJC_ROOT_CLASS = YES_ERROR;
				CLANG_WARN_UNREACHABLE_CODE = YES;
				CLANG_WARN__DUPLICATE_METHOD_MATCH = YES;
				"CODE_SIGN_IDENTITY[sdk=iphoneos*]" = "iPhone Developer";
				COPY_PHASE_STRIP = YES;
				ENABLE_NS_ASSERTIONS = NO;
				ENABLE_STRICT_OBJC_MSGSEND = YES;
				GCC_C_LANGUAGE_STANDARD = gnu99;
				GCC_WARN_64_TO_32_BIT_CONVERSION = YES;
				GCC_WARN_ABOUT_RETURN_TYPE = YES_ERROR;
				GCC_WARN_UNDECLARED_SELECTOR = YES;
				GCC_WARN_UNINITIALIZED_AUTOS = YES_AGGRESSIVE;
				GCC_WARN_UNUSED_FUNCTION = YES;
				GCC_WARN_UNUSED_VARIABLE = YES;
				IPHONEOS_DEPLOYMENT_TARGET = 8.1;
				MTL_ENABLE_DEBUG_INFO = NO;
				SDKROOT = iphoneos;
				VALIDATE_PRODUCT = YES;
			};
			name = Release;
		};
		018065C91A26545100D78FE6 /* Debug */ = {
			isa = XCBuildConfiguration;
			buildSettings = {
				ASSETCATALOG_COMPILER_APPICON_NAME = AppIcon;
				INFOPLIST_FILE = "Concentric Circles/Info.plist";
				LD_RUNPATH_SEARCH_PATHS = "$(inherited) @executable_path/Frameworks";
				PRODUCT_NAME = "$(TARGET_NAME)";
			};
			name = Debug;
		};
		018065CA1A26545100D78FE6 /* Release */ = {
			isa = XCBuildConfiguration;
			buildSettings = {
				ASSETCATALOG_COMPILER_APPICON_NAME = AppIcon;
				INFOPLIST_FILE = "Concentric Circles/Info.plist";
				LD_RUNPATH_SEARCH_PATHS = "$(inherited) @executable_path/Frameworks";
				PRODUCT_NAME = "$(TARGET_NAME)";
			};
			name = Release;
		};
		018065CC1A26545100D78FE6 /* Debug */ = {
			isa = XCBuildConfiguration;
			buildSettings = {
				BUNDLE_LOADER = "$(TEST_HOST)";
				FRAMEWORK_SEARCH_PATHS = (
					"$(SDKROOT)/Developer/Library/Frameworks",
					"$(inherited)",
				);
				GCC_PREPROCESSOR_DEFINITIONS = (
					"DEBUG=1",
					"$(inherited)",
				);
				INFOPLIST_FILE = "Concentric CirclesTests/Info.plist";
				LD_RUNPATH_SEARCH_PATHS = "$(inherited) @executable_path/Frameworks @loader_path/Frameworks";
				PRODUCT_NAME = "$(TARGET_NAME)";
				TEST_HOST = "$(BUILT_PRODUCTS_DIR)/Concentric Circles.app/Concentric Circles";
			};
			name = Debug;
		};
		018065CD1A26545100D78FE6 /* Release */ = {
			isa = XCBuildConfiguration;
			buildSettings = {
				BUNDLE_LOADER = "$(TEST_HOST)";
				FRAMEWORK_SEARCH_PATHS = (
					"$(SDKROOT)/Developer/Library/Frameworks",
					"$(inherited)",
				);
				INFOPLIST_FILE = "Concentric CirclesTests/Info.plist";
				LD_RUNPATH_SEARCH_PATHS = "$(inherited) @executable_path/Frameworks @loader_path/Frameworks";
				PRODUCT_NAME = "$(TARGET_NAME)";
				TEST_HOST = "$(BUILT_PRODUCTS_DIR)/Concentric Circles.app/Concentric Circles";
			};
			name = Release;
		};
/* End XCBuildConfiguration section */

/* Begin XCConfigurationList section */
		018065A01A26545100D78FE6 /* Build configuration list for PBXProject "Concentric Circles" */ = {
			isa = XCConfigurationList;
			buildConfigurations = (
				018065C61A26545100D78FE6 /* Debug */,
				018065C71A26545100D78FE6 /* Release */,
			);
			defaultConfigurationIsVisible = 0;
			defaultConfigurationName = Release;
		};
		018065C81A26545100D78FE6 /* Build configuration list for PBXNativeTarget "Concentric Circles" */ = {
			isa = XCConfigurationList;
			buildConfigurations = (
				018065C91A26545100D78FE6 /* Debug */,
				018065CA1A26545100D78FE6 /* Release */,
			);
			defaultConfigurationIsVisible = 0;
			defaultConfigurationName = Release;
		};
		018065CB1A26545100D78FE6 /* Build configuration list for PBXNativeTarget "Concentric CirclesTests" */ = {
			isa = XCConfigurationList;
			buildConfigurations = (
				018065CC1A26545100D78FE6 /* Debug */,
				018065CD1A26545100D78FE6 /* Release */,
			);
			defaultConfigurationIsVisible = 0;
			defaultConfigurationName = Release;
		};
/* End XCConfigurationList section */
	};
	rootObject = 0180659D1A26545100D78FE6 /* Project object */;
}
